
Microsoft Visual Studio Solution File, Format Version 12.00
# Visual Studio Version 17
VisualStudioVersion = 17.3.32929.385
MinimumVisualStudioVersion = 10.0.40219.1
Project("{FAE04EC0-301F-11D3-BF4B-00C04F79EFBC}") = "INCHEQS", "INCHEQS\INCHEQS.csproj", "{3A7E4FAA-4384-4C9D-B6BE-869CF0447A3A}"
EndProject
Project("{FAE04EC0-301F-11D3-BF4B-00C04F79EFBC}") = "INCHEQS.DataAccessLayer", "..\..\..\..\MVC\01-Core\01-Library\01-Level 1\02-Trunk\INCHEQS.DataAccessLayer-00.000.00.01\INCHEQS.DataAccessLayer.csproj", "{FC8AA598-5543-4376-A492-1A1C75B66E6B}"
EndProject
Project("{FAE04EC0-301F-11D3-BF4B-00C04F79EFBC}") = "INCHEQS.Processes", "..\..\..\..\MVC\01-Core\01-Library\02-Level 2\02-Trunk\INCHEQS.Processes-00.000.00.01\INCHEQS.Processes.csproj", "{A2017DE6-9518-404C-95CB-A814598FE9FB}"
EndProject
Project("{FAE04EC0-301F-11D3-BF4B-00C04F79EFBC}") = "INCHEQS.Common", "..\..\..\..\MVC\01-Core\01-Library\01-Level 1\02-Trunk\INCHEQS.Common-00.000.00.01\INCHEQS.Common.csproj", "{4533581B-7776-42FA-87B3-315ED048FE0C}"
EndProject
Project("{FAE04EC0-301F-11D3-BF4B-00C04F79EFBC}") = "INCHEQS.Security", "..\..\..\..\MVC\01-Core\01-Library\02-Level 2\02-Trunk\INCHEQS.Security-00.000.02.01\INCHEQS.Security.csproj", "{CAD046FB-934B-4E6D-927D-85FDA7C99553}"
EndProject
Project("{FAE04EC0-301F-11D3-BF4B-00C04F79EFBC}") = "INCHEQS.ConfigVerification", "..\..\..\..\MVC\01-Core\01-Library\04-Level 4\02-Trunk\INCHEQS.ConfigVerification-00.000.00.01\INCHEQS.ConfigVerification.csproj", "{8612ED92-A76F-47AF-B9A9-10A374234895}"
EndProject
Project("{FAE04EC0-301F-11D3-BF4B-00C04F79EFBC}") = "INCHEQS.BNM", "..\..\..\..\MVC\01-Core\01-Library\03-Level 3\02-Trunk\INCHEQS.BNM-00.000.00.01\INCHEQS.BNM.csproj", "{DBA10CE9-20B8-444C-AA36-37140A1B5E2E}"
EndProject
Project("{FAE04EC0-301F-11D3-BF4B-00C04F79EFBC}") = "INCHEQS.TaskAssignment", "..\..\..\..\MVC\01-Core\01-Library\02-Level 2\02-Trunk\INCHEQS.TaskAssignment-00.000.00.01\INCHEQS.TaskAssignment\INCHEQS.TaskAssignment.csproj", "{674C2E5E-1FE3-4672-A2C9-4B09A61F46D9}"
EndProject
Project("{FAE04EC0-301F-11D3-BF4B-00C04F79EFBC}") = "INCHEQS.EOD", "..\..\..\..\MVC\01-Core\01-Library\03-Level 3\02-Trunk\INCHEQS.EOD-00.000.00.01\INCHEQS.EOD.csproj", "{E1F76810-7E37-4564-A64B-3C385593B0C5}"
EndProject
Project("{FAE04EC0-301F-11D3-BF4B-00C04F79EFBC}") = "INCHEQS.BoPServices", "..\..\..\..\MVC\01-Core\01-Library\02-Level 2\02-Trunk\INCHEQS.BoPServices\INCHEQS.BoPServices\INCHEQS.BoPServices.csproj", "{778F9912-3C0A-4B2F-B230-6383848BF05D}"
EndProject
Project("{FAE04EC0-301F-11D3-BF4B-00C04F79EFBC}") = "INCHEQS.ConfigVerificationBranch", "..\..\..\..\MVC\01-Core\01-Library\04-Level 4\02-Trunk\INCHEQS.ConfigVerificationBranch-00.000.00.01\INCHEQS.ConfigVerificationBranch.csproj", "{6E8522FC-A12F-4DA3-ACC9-BB55C591E893}"
EndProject
Global
	GlobalSection(SolutionConfigurationPlatforms) = preSolution
		Debug|Any CPU = Debug|Any CPU
		Debug|x64 = Debug|x64
		Release|Any CPU = Release|Any CPU
		Release|x64 = Release|x64
	EndGlobalSection
	GlobalSection(ProjectConfigurationPlatforms) = postSolution
		{3A7E4FAA-4384-4C9D-B6BE-869CF0447A3A}.Debug|Any CPU.ActiveCfg = Debug|Any CPU
		{3A7E4FAA-4384-4C9D-B6BE-869CF0447A3A}.Debug|Any CPU.Build.0 = Debug|Any CPU
		{3A7E4FAA-4384-4C9D-B6BE-869CF0447A3A}.Debug|x64.ActiveCfg = Debug|x64
		{3A7E4FAA-4384-4C9D-B6BE-869CF0447A3A}.Debug|x64.Build.0 = Debug|x64
		{3A7E4FAA-4384-4C9D-B6BE-869CF0447A3A}.Release|Any CPU.ActiveCfg = Release|Any CPU
		{3A7E4FAA-4384-4C9D-B6BE-869CF0447A3A}.Release|Any CPU.Build.0 = Release|Any CPU
		{3A7E4FAA-4384-4C9D-B6BE-869CF0447A3A}.Release|x64.ActiveCfg = Release|x64
		{3A7E4FAA-4384-4C9D-B6BE-869CF0447A3A}.Release|x64.Build.0 = Release|x64
		{FC8AA598-5543-4376-A492-1A1C75B66E6B}.Debug|Any CPU.ActiveCfg = Debug|Any CPU
		{FC8AA598-5543-4376-A492-1A1C75B66E6B}.Debug|Any CPU.Build.0 = Debug|Any CPU
		{FC8AA598-5543-4376-A492-1A1C75B66E6B}.Debug|x64.ActiveCfg = Debug|Any CPU
		{FC8AA598-5543-4376-A492-1A1C75B66E6B}.Debug|x64.Build.0 = Debug|Any CPU
		{FC8AA598-5543-4376-A492-1A1C75B66E6B}.Release|Any CPU.ActiveCfg = Release|Any CPU
		{FC8AA598-5543-4376-A492-1A1C75B66E6B}.Release|Any CPU.Build.0 = Release|Any CPU
		{FC8AA598-5543-4376-A492-1A1C75B66E6B}.Release|x64.ActiveCfg = Release|Any CPU
		{FC8AA598-5543-4376-A492-1A1C75B66E6B}.Release|x64.Build.0 = Release|Any CPU
		{A2017DE6-9518-404C-95CB-A814598FE9FB}.Debug|Any CPU.ActiveCfg = Debug|Any CPU
		{A2017DE6-9518-404C-95CB-A814598FE9FB}.Debug|Any CPU.Build.0 = Debug|Any CPU
		{A2017DE6-9518-404C-95CB-A814598FE9FB}.Debug|x64.ActiveCfg = Debug|Any CPU
		{A2017DE6-9518-404C-95CB-A814598FE9FB}.Debug|x64.Build.0 = Debug|Any CPU
		{A2017DE6-9518-404C-95CB-A814598FE9FB}.Release|Any CPU.ActiveCfg = Release|Any CPU
		{A2017DE6-9518-404C-95CB-A814598FE9FB}.Release|Any CPU.Build.0 = Release|Any CPU
		{A2017DE6-9518-404C-95CB-A814598FE9FB}.Release|x64.ActiveCfg = Release|Any CPU
		{A2017DE6-9518-404C-95CB-A814598FE9FB}.Release|x64.Build.0 = Release|Any CPU
		{4533581B-7776-42FA-87B3-315ED048FE0C}.Debug|Any CPU.ActiveCfg = Debug|Any CPU
		{4533581B-7776-42FA-87B3-315ED048FE0C}.Debug|Any CPU.Build.0 = Debug|Any CPU
		{4533581B-7776-42FA-87B3-315ED048FE0C}.Debug|x64.ActiveCfg = Debug|Any CPU
		{4533581B-7776-42FA-87B3-315ED048FE0C}.Debug|x64.Build.0 = Debug|Any CPU
		{4533581B-7776-42FA-87B3-315ED048FE0C}.Release|Any CPU.ActiveCfg = Release|Any CPU
		{4533581B-7776-42FA-87B3-315ED048FE0C}.Release|Any CPU.Build.0 = Release|Any CPU
		{4533581B-7776-42FA-87B3-315ED048FE0C}.Release|x64.ActiveCfg = Release|Any CPU
		{4533581B-7776-42FA-87B3-315ED048FE0C}.Release|x64.Build.0 = Release|Any CPU
		{CAD046FB-934B-4E6D-927D-85FDA7C99553}.Debug|Any CPU.ActiveCfg = Debug|Any CPU
		{CAD046FB-934B-4E6D-927D-85FDA7C99553}.Debug|Any CPU.Build.0 = Debug|Any CPU
		{CAD046FB-934B-4E6D-927D-85FDA7C99553}.Debug|x64.ActiveCfg = Debug|Any CPU
		{CAD046FB-934B-4E6D-927D-85FDA7C99553}.Debug|x64.Build.0 = Debug|Any CPU
		{CAD046FB-934B-4E6D-927D-85FDA7C99553}.Release|Any CPU.ActiveCfg = Release|Any CPU
		{CAD046FB-934B-4E6D-927D-85FDA7C99553}.Release|Any CPU.Build.0 = Release|Any CPU
		{CAD046FB-934B-4E6D-927D-85FDA7C99553}.Release|x64.ActiveCfg = Release|Any CPU
		{CAD046FB-934B-4E6D-927D-85FDA7C99553}.Release|x64.Build.0 = Release|Any CPU
		{8612ED92-A76F-47AF-B9A9-10A374234895}.Debug|Any CPU.ActiveCfg = Debug|Any CPU
		{8612ED92-A76F-47AF-B9A9-10A374234895}.Debug|Any CPU.Build.0 = Debug|Any CPU
		{8612ED92-A76F-47AF-B9A9-10A374234895}.Debug|x64.ActiveCfg = Debug|Any CPU
		{8612ED92-A76F-47AF-B9A9-10A374234895}.Debug|x64.Build.0 = Debug|Any CPU
		{8612ED92-A76F-47AF-B9A9-10A374234895}.Release|Any CPU.ActiveCfg = Release|Any CPU
		{8612ED92-A76F-47AF-B9A9-10A374234895}.Release|Any CPU.Build.0 = Release|Any CPU
		{8612ED92-A76F-47AF-B9A9-10A374234895}.Release|x64.ActiveCfg = Release|Any CPU
		{8612ED92-A76F-47AF-B9A9-10A374234895}.Release|x64.Build.0 = Release|Any CPU
		{DBA10CE9-20B8-444C-AA36-37140A1B5E2E}.Debug|Any CPU.ActiveCfg = Debug|Any CPU
		{DBA10CE9-20B8-444C-AA36-37140A1B5E2E}.Debug|Any CPU.Build.0 = Debug|Any CPU
		{DBA10CE9-20B8-444C-AA36-37140A1B5E2E}.Debug|x64.ActiveCfg = Debug|Any CPU
		{DBA10CE9-20B8-444C-AA36-37140A1B5E2E}.Debug|x64.Build.0 = Debug|Any CPU
		{DBA10CE9-20B8-444C-AA36-37140A1B5E2E}.Release|Any CPU.ActiveCfg = Release|Any CPU
		{DBA10CE9-20B8-444C-AA36-37140A1B5E2E}.Release|Any CPU.Build.0 = Release|Any CPU
		{DBA10CE9-20B8-444C-AA36-37140A1B5E2E}.Release|x64.ActiveCfg = Release|Any CPU
		{DBA10CE9-20B8-444C-AA36-37140A1B5E2E}.Release|x64.Build.0 = Release|Any CPU
		{674C2E5E-1FE3-4672-A2C9-4B09A61F46D9}.Debug|Any CPU.ActiveCfg = Debug|Any CPU
		{674C2E5E-1FE3-4672-A2C9-4B09A61F46D9}.Debug|Any CPU.Build.0 = Debug|Any CPU
		{674C2E5E-1FE3-4672-A2C9-4B09A61F46D9}.Debug|x64.ActiveCfg = Debug|Any CPU
		{674C2E5E-1FE3-4672-A2C9-4B09A61F46D9}.Debug|x64.Build.0 = Debug|Any CPU
		{674C2E5E-1FE3-4672-A2C9-4B09A61F46D9}.Release|Any CPU.ActiveCfg = Release|Any CPU
		{674C2E5E-1FE3-4672-A2C9-4B09A61F46D9}.Release|Any CPU.Build.0 = Release|Any CPU
		{674C2E5E-1FE3-4672-A2C9-4B09A61F46D9}.Release|x64.ActiveCfg = Release|Any CPU
		{674C2E5E-1FE3-4672-A2C9-4B09A61F46D9}.Release|x64.Build.0 = Release|Any CPU
		{E1F76810-7E37-4564-A64B-3C385593B0C5}.Debug|Any CPU.ActiveCfg = Debug|Any CPU
		{E1F76810-7E37-4564-A64B-3C385593B0C5}.Debug|Any CPU.Build.0 = Debug|Any CPU
		{E1F76810-7E37-4564-A64B-3C385593B0C5}.Debug|x64.ActiveCfg = Debug|Any CPU
		{E1F76810-7E37-4564-A64B-3C385593B0C5}.Debug|x64.Build.0 = Debug|Any CPU
		{E1F76810-7E37-4564-A64B-3C385593B0C5}.Release|Any CPU.ActiveCfg = Release|Any CPU
		{E1F76810-7E37-4564-A64B-3C385593B0C5}.Release|Any CPU.Build.0 = Release|Any CPU
		{E1F76810-7E37-4564-A64B-3C385593B0C5}.Release|x64.ActiveCfg = Release|Any CPU
		{E1F76810-7E37-4564-A64B-3C385593B0C5}.Release|x64.Build.0 = Release|Any CPU
		{778F9912-3C0A-4B2F-B230-6383848BF05D}.Debug|Any CPU.ActiveCfg = Debug|Any CPU
		{778F9912-3C0A-4B2F-B230-6383848BF05D}.Debug|Any CPU.Build.0 = Debug|Any CPU
		{778F9912-3C0A-4B2F-B230-6383848BF05D}.Debug|x64.ActiveCfg = Debug|Any CPU
		{778F9912-3C0A-4B2F-B230-6383848BF05D}.Debug|x64.Build.0 = Debug|Any CPU
		{778F9912-3C0A-4B2F-B230-6383848BF05D}.Release|Any CPU.ActiveCfg = Release|Any CPU
		{778F9912-3C0A-4B2F-B230-6383848BF05D}.Release|Any CPU.Build.0 = Release|Any CPU
		{778F9912-3C0A-4B2F-B230-6383848BF05D}.Release|x64.ActiveCfg = Release|Any CPU
		{778F9912-3C0A-4B2F-B230-6383848BF05D}.Release|x64.Build.0 = Release|Any CPU
		{6E8522FC-A12F-4DA3-ACC9-BB55C591E893}.Debug|Any CPU.ActiveCfg = Debug|Any CPU
		{6E8522FC-A12F-4DA3-ACC9-BB55C591E893}.Debug|Any CPU.Build.0 = Debug|Any CPU
		{6E8522FC-A12F-4DA3-ACC9-BB55C591E893}.Debug|x64.ActiveCfg = Debug|Any CPU
		{6E8522FC-A12F-4DA3-ACC9-BB55C591E893}.Debug|x64.Build.0 = Debug|Any CPU
		{6E8522FC-A12F-4DA3-ACC9-BB55C591E893}.Release|Any CPU.ActiveCfg = Release|Any CPU
		{6E8522FC-A12F-4DA3-ACC9-BB55C591E893}.Release|Any CPU.Build.0 = Release|Any CPU
		{6E8522FC-A12F-4DA3-ACC9-BB55C591E893}.Release|x64.ActiveCfg = Release|Any CPU
		{6E8522FC-A12F-4DA3-ACC9-BB55C591E893}.Release|x64.Build.0 = Release|Any CPU
	EndGlobalSection
	GlobalSection(SolutionProperties) = preSolution
		HideSolutionNode = FALSE
	EndGlobalSection
	GlobalSection(ExtensibilityGlobals) = postSolution
		SolutionGuid = {3F6FA518-FE32-4380-A6CD-F3D08AAB5E69}
	EndGlobalSection
EndGlobal
